
Microsoft Visual Studio Solution File, Format Version 12.00
# Visual Studio Version 16
VisualStudioVersion = 16.0.31410.357
MinimumVisualStudioVersion = 10.0.40219.1
Project("{8BC9CEB8-8B4A-11D0-8D11-00A0C91BC942}") = "RPGclone", "RPGclone.vcxproj", "{E87BF962-94AC-432B-89E7-222AE827880B}"
EndProject
Global
	GlobalSection(SolutionConfigurationPlatforms) = preSolution
		Debug|x64 = Debug|x64
		Debug|x86 = Debug|x86
		Release|x64 = Release|x64
		Release|x86 = Release|x86
	EndGlobalSection
	GlobalSection(ProjectConfigurationPlatforms) = postSolution
		{E87BF962-94AC-432B-89E7-222AE827880B}.Debug|x64.ActiveCfg = Debug|x64
		{E87BF962-94AC-432B-89E7-222AE827880B}.Debug|x64.Build.0 = Debug|x64
		{E87BF962-94AC-432B-89E7-222AE827880B}.Debug|x86.ActiveCfg = Debug|Win32
		{E87BF962-94AC-432B-89E7-222AE827880B}.Debug|x86.Build.0 = Debug|Win32
		{E87BF962-94AC-432B-89E7-222AE827880B}.Release|x64.ActiveCfg = Release|x64
		{E87BF962-94AC-432B-89E7-222AE827880B}.Release|x64.Build.0 = Release|x64
		{E87BF962-94AC-432B-89E7-222AE827880B}.Release|x86.ActiveCfg = Release|Win32
		{E87BF962-94AC-432B-89E7-222AE827880B}.Release|x86.Build.0 = Release|Win32
	EndGlobalSection
	GlobalSection(SolutionProperties) = preSolution
		HideSolutionNode = FALSE
	EndGlobalSection
	GlobalSection(ExtensibilityGlobals) = postSolution
		SolutionGuid = {C9C61321-7345-48A6-A942-CAC9E083BF43}
	EndGlobalSection
EndGlobal
